
Microsoft Visual Studio Solution File, Format Version 12.00
# Visual Studio 2013
VisualStudioVersion = 12.0.21005.1
MinimumVisualStudioVersion = 10.0.40219.1
Project("{FAE04EC0-301F-11D3-BF4B-00C04F79EFBC}") = "B1", "B1\B1.csproj", "{8E094B5B-A06A-4406-9662-AC9ADF7792A8}"
EndProject
Project("{FAE04EC0-301F-11D3-BF4B-00C04F79EFBC}") = "TestProblem1", "TestProblem1\TestProblem1.csproj", "{8F0103A9-4BC0-4F74-A369-2703C327D891}"
EndProject
Project("{FAE04EC0-301F-11D3-BF4B-00C04F79EFBC}") = "B2", "..\B2\B2\B2.csproj", "{F8F97C7D-690F-47CC-A6A6-E521441611D3}"
EndProject
Project("{FAE04EC0-301F-11D3-BF4B-00C04F79EFBC}") = "UnitTestB2", "UnitTestB2\UnitTestB2.csproj", "{5ED909E4-5B03-4D2A-ACEE-46FBD6FB21E8}"
EndProject
Project("{FAE04EC0-301F-11D3-BF4B-00C04F79EFBC}") = "B3", "..\B3\B3.csproj", "{42401815-2C92-47DD-A0BC-36D4CF3E61E5}"
EndProject
Project("{FAE04EC0-301F-11D3-BF4B-00C04F79EFBC}") = "UnitTestB3", "..\UnitTestB3\UnitTestB3.csproj", "{95DC8111-D7BA-4AE0-97DE-1911B9935457}"
EndProject
Global
	GlobalSection(SolutionConfigurationPlatforms) = preSolution
		Debug|Any CPU = Debug|Any CPU
		Release|Any CPU = Release|Any CPU
	EndGlobalSection
	GlobalSection(ProjectConfigurationPlatforms) = postSolution
		{8E094B5B-A06A-4406-9662-AC9ADF7792A8}.Debug|Any CPU.ActiveCfg = Debug|Any CPU
		{8E094B5B-A06A-4406-9662-AC9ADF7792A8}.Debug|Any CPU.Build.0 = Debug|Any CPU
		{8E094B5B-A06A-4406-9662-AC9ADF7792A8}.Release|Any CPU.ActiveCfg = Release|Any CPU
		{8E094B5B-A06A-4406-9662-AC9ADF7792A8}.Release|Any CPU.Build.0 = Release|Any CPU
		{8F0103A9-4BC0-4F74-A369-2703C327D891}.Debug|Any CPU.ActiveCfg = Debug|Any CPU
		{8F0103A9-4BC0-4F74-A369-2703C327D891}.Debug|Any CPU.Build.0 = Debug|Any CPU
		{8F0103A9-4BC0-4F74-A369-2703C327D891}.Release|Any CPU.ActiveCfg = Release|Any CPU
		{8F0103A9-4BC0-4F74-A369-2703C327D891}.Release|Any CPU.Build.0 = Release|Any CPU
		{F8F97C7D-690F-47CC-A6A6-E521441611D3}.Debug|Any CPU.ActiveCfg = Debug|Any CPU
		{F8F97C7D-690F-47CC-A6A6-E521441611D3}.Debug|Any CPU.Build.0 = Debug|Any CPU
		{F8F97C7D-690F-47CC-A6A6-E521441611D3}.Release|Any CPU.ActiveCfg = Release|Any CPU
		{F8F97C7D-690F-47CC-A6A6-E521441611D3}.Release|Any CPU.Build.0 = Release|Any CPU
		{5ED909E4-5B03-4D2A-ACEE-46FBD6FB21E8}.Debug|Any CPU.ActiveCfg = Debug|Any CPU
		{5ED909E4-5B03-4D2A-ACEE-46FBD6FB21E8}.Debug|Any CPU.Build.0 = Debug|Any CPU
		{5ED909E4-5B03-4D2A-ACEE-46FBD6FB21E8}.Release|Any CPU.ActiveCfg = Release|Any CPU
		{5ED909E4-5B03-4D2A-ACEE-46FBD6FB21E8}.Release|Any CPU.Build.0 = Release|Any CPU
		{42401815-2C92-47DD-A0BC-36D4CF3E61E5}.Debug|Any CPU.ActiveCfg = Debug|Any CPU
		{42401815-2C92-47DD-A0BC-36D4CF3E61E5}.Debug|Any CPU.Build.0 = Debug|Any CPU
		{42401815-2C92-47DD-A0BC-36D4CF3E61E5}.Release|Any CPU.ActiveCfg = Release|Any CPU
		{42401815-2C92-47DD-A0BC-36D4CF3E61E5}.Release|Any CPU.Build.0 = Release|Any CPU
		{95DC8111-D7BA-4AE0-97DE-1911B9935457}.Debug|Any CPU.ActiveCfg = Debug|Any CPU
		{95DC8111-D7BA-4AE0-97DE-1911B9935457}.Debug|Any CPU.Build.0 = Debug|Any CPU
		{95DC8111-D7BA-4AE0-97DE-1911B9935457}.Release|Any CPU.ActiveCfg = Release|Any CPU
		{95DC8111-D7BA-4AE0-97DE-1911B9935457}.Release|Any CPU.Build.0 = Release|Any CPU
	EndGlobalSection
	GlobalSection(SolutionProperties) = preSolution
		HideSolutionNode = FALSE
	EndGlobalSection
EndGlobal
